
Microsoft Visual Studio Solution File, Format Version 12.00
# Visual Studio Version 16
VisualStudioVersion = 16.0.31112.23
MinimumVisualStudioVersion = 10.0.40219.1
Project("{8BC9CEB8-8B4A-11D0-8D11-00A0C91BC942}") = "Lab1Task1", "Lab1\Lab1Task1\Lab1Task1.vcxproj", "{C38C59D5-0116-4247-BF27-D27F045A0976}"
EndProject
Project("{8BC9CEB8-8B4A-11D0-8D11-00A0C91BC942}") = "Lab1Task2", "Lab1\Lab1Task2\Lab1Task2.vcxproj", "{8DE8810A-25FB-466A-960C-FF95D06E83F2}"
EndProject
Project("{2150E333-8FDC-42A3-9474-1A3956D46DE8}") = "Lab1", "Lab1", "{63E6EB71-2483-4E35-8F7C-50F49B9E8CBA}"
EndProject
Project("{8BC9CEB8-8B4A-11D0-8D11-00A0C91BC942}") = "Lab1Task3", "Lab1\Lab1Task3\Lab1Task3.vcxproj", "{C395F140-8071-4457-BEF4-EFF80193A4B5}"
EndProject
Project("{8BC9CEB8-8B4A-11D0-8D11-00A0C91BC942}") = "Lab1Task4", "Lab1\Lab1Task4\Lab1Task4.vcxproj", "{53FE47A9-257B-444B-9FDB-7EA721E7257D}"
EndProject
Project("{8BC9CEB8-8B4A-11D0-8D11-00A0C91BC942}") = "Lab1Task5", "Lab1\Lab1Task5\Lab1Task5.vcxproj", "{D599BA26-FB57-4A8F-A5AD-A2B52C20C5F1}"
EndProject
Project("{8BC9CEB8-8B4A-11D0-8D11-00A0C91BC942}") = "Lab1Task6", "Lab1\Lab1Task6\Lab1Task6.vcxproj", "{C9F41574-8A68-447B-9AE8-90548B5FD0A9}"
EndProject
Project("{8BC9CEB8-8B4A-11D0-8D11-00A0C91BC942}") = "Lab1Task7", "Lab1\Lab1Task7\Lab1Task7.vcxproj", "{9F551FBF-CB30-458E-A4A5-7CAC357345B6}"
EndProject
Project("{8BC9CEB8-8B4A-11D0-8D11-00A0C91BC942}") = "Lab1Task8", "Lab1\Lab1Task8\Lab1Task8.vcxproj", "{08BA6848-D191-474A-80C3-DB5B644C0100}"
EndProject
Project("{2150E333-8FDC-42A3-9474-1A3956D46DE8}") = "Lab2", "Lab2", "{71EC73FD-5641-41EE-9612-12A4A52F49F1}"
EndProject
Project("{8BC9CEB8-8B4A-11D0-8D11-00A0C91BC942}") = "Task1", "Lab2\Task1\Task1.vcxproj", "{496E5D83-9FFA-498F-AE8C-E78143DE09FB}"
EndProject
Project("{8BC9CEB8-8B4A-11D0-8D11-00A0C91BC942}") = "Task2", "Lab2\Task2\Task2.vcxproj", "{B47FB884-81D7-4E61-94A2-6E82B1805EB2}"
EndProject
Project("{8BC9CEB8-8B4A-11D0-8D11-00A0C91BC942}") = "Task3", "Lab2\Task3\Task3.vcxproj", "{38F1877F-2D21-48E3-A681-500EA7BE8EA2}"
EndProject
Project("{2150E333-8FDC-42A3-9474-1A3956D46DE8}") = "Lab3", "Lab3", "{D2007E03-CAD5-4FDA-BA61-6888FE60D435}"
EndProject
Project("{8BC9CEB8-8B4A-11D0-8D11-00A0C91BC942}") = "Task1", "Lab3\Task1\Task1.vcxproj", "{FDB0A7D7-83D8-4D0F-B9C7-35F89AB9B4CE}"
EndProject
Global
	GlobalSection(SolutionConfigurationPlatforms) = preSolution
		Debug|x64 = Debug|x64
		Debug|x86 = Debug|x86
		Release|x64 = Release|x64
		Release|x86 = Release|x86
	EndGlobalSection
	GlobalSection(ProjectConfigurationPlatforms) = postSolution
		{C38C59D5-0116-4247-BF27-D27F045A0976}.Debug|x64.ActiveCfg = Debug|x64
		{C38C59D5-0116-4247-BF27-D27F045A0976}.Debug|x64.Build.0 = Debug|x64
		{C38C59D5-0116-4247-BF27-D27F045A0976}.Debug|x86.ActiveCfg = Debug|Win32
		{C38C59D5-0116-4247-BF27-D27F045A0976}.Debug|x86.Build.0 = Debug|Win32
		{C38C59D5-0116-4247-BF27-D27F045A0976}.Release|x64.ActiveCfg = Release|x64
		{C38C59D5-0116-4247-BF27-D27F045A0976}.Release|x64.Build.0 = Release|x64
		{C38C59D5-0116-4247-BF27-D27F045A0976}.Release|x86.ActiveCfg = Release|Win32
		{C38C59D5-0116-4247-BF27-D27F045A0976}.Release|x86.Build.0 = Release|Win32
		{8DE8810A-25FB-466A-960C-FF95D06E83F2}.Debug|x64.ActiveCfg = Debug|x64
		{8DE8810A-25FB-466A-960C-FF95D06E83F2}.Debug|x64.Build.0 = Debug|x64
		{8DE8810A-25FB-466A-960C-FF95D06E83F2}.Debug|x86.ActiveCfg = Debug|Win32
		{8DE8810A-25FB-466A-960C-FF95D06E83F2}.Debug|x86.Build.0 = Debug|Win32
		{8DE8810A-25FB-466A-960C-FF95D06E83F2}.Release|x64.ActiveCfg = Release|x64
		{8DE8810A-25FB-466A-960C-FF95D06E83F2}.Release|x64.Build.0 = Release|x64
		{8DE8810A-25FB-466A-960C-FF95D06E83F2}.Release|x86.ActiveCfg = Release|Win32
		{8DE8810A-25FB-466A-960C-FF95D06E83F2}.Release|x86.Build.0 = Release|Win32
		{C395F140-8071-4457-BEF4-EFF80193A4B5}.Debug|x64.ActiveCfg = Debug|x64
		{C395F140-8071-4457-BEF4-EFF80193A4B5}.Debug|x64.Build.0 = Debug|x64
		{C395F140-8071-4457-BEF4-EFF80193A4B5}.Debug|x86.ActiveCfg = Debug|Win32
		{C395F140-8071-4457-BEF4-EFF80193A4B5}.Debug|x86.Build.0 = Debug|Win32
		{C395F140-8071-4457-BEF4-EFF80193A4B5}.Release|x64.ActiveCfg = Release|x64
		{C395F140-8071-4457-BEF4-EFF80193A4B5}.Release|x64.Build.0 = Release|x64
		{C395F140-8071-4457-BEF4-EFF80193A4B5}.Release|x86.ActiveCfg = Release|Win32
		{C395F140-8071-4457-BEF4-EFF80193A4B5}.Release|x86.Build.0 = Release|Win32
		{53FE47A9-257B-444B-9FDB-7EA721E7257D}.Debug|x64.ActiveCfg = Debug|x64
		{53FE47A9-257B-444B-9FDB-7EA721E7257D}.Debug|x64.Build.0 = Debug|x64
		{53FE47A9-257B-444B-9FDB-7EA721E7257D}.Debug|x86.ActiveCfg = Debug|Win32
		{53FE47A9-257B-444B-9FDB-7EA721E7257D}.Debug|x86.Build.0 = Debug|Win32
		{53FE47A9-257B-444B-9FDB-7EA721E7257D}.Release|x64.ActiveCfg = Release|x64
		{53FE47A9-257B-444B-9FDB-7EA721E7257D}.Release|x64.Build.0 = Release|x64
		{53FE47A9-257B-444B-9FDB-7EA721E7257D}.Release|x86.ActiveCfg = Release|Win32
		{53FE47A9-257B-444B-9FDB-7EA721E7257D}.Release|x86.Build.0 = Release|Win32
		{D599BA26-FB57-4A8F-A5AD-A2B52C20C5F1}.Debug|x64.ActiveCfg = Debug|x64
		{D599BA26-FB57-4A8F-A5AD-A2B52C20C5F1}.Debug|x64.Build.0 = Debug|x64
		{D599BA26-FB57-4A8F-A5AD-A2B52C20C5F1}.Debug|x86.ActiveCfg = Debug|Win32
		{D599BA26-FB57-4A8F-A5AD-A2B52C20C5F1}.Debug|x86.Build.0 = Debug|Win32
		{D599BA26-FB57-4A8F-A5AD-A2B52C20C5F1}.Release|x64.ActiveCfg = Release|x64
		{D599BA26-FB57-4A8F-A5AD-A2B52C20C5F1}.Release|x64.Build.0 = Release|x64
		{D599BA26-FB57-4A8F-A5AD-A2B52C20C5F1}.Release|x86.ActiveCfg = Release|Win32
		{D599BA26-FB57-4A8F-A5AD-A2B52C20C5F1}.Release|x86.Build.0 = Release|Win32
		{C9F41574-8A68-447B-9AE8-90548B5FD0A9}.Debug|x64.ActiveCfg = Debug|x64
		{C9F41574-8A68-447B-9AE8-90548B5FD0A9}.Debug|x64.Build.0 = Debug|x64
		{C9F41574-8A68-447B-9AE8-90548B5FD0A9}.Debug|x86.ActiveCfg = Debug|Win32
		{C9F41574-8A68-447B-9AE8-90548B5FD0A9}.Debug|x86.Build.0 = Debug|Win32
		{C9F41574-8A68-447B-9AE8-90548B5FD0A9}.Release|x64.ActiveCfg = Release|x64
		{C9F41574-8A68-447B-9AE8-90548B5FD0A9}.Release|x64.Build.0 = Release|x64
		{C9F41574-8A68-447B-9AE8-90548B5FD0A9}.Release|x86.ActiveCfg = Release|Win32
		{C9F41574-8A68-447B-9AE8-90548B5FD0A9}.Release|x86.Build.0 = Release|Win32
		{9F551FBF-CB30-458E-A4A5-7CAC357345B6}.Debug|x64.ActiveCfg = Debug|x64
		{9F551FBF-CB30-458E-A4A5-7CAC357345B6}.Debug|x64.Build.0 = Debug|x64
		{9F551FBF-CB30-458E-A4A5-7CAC357345B6}.Debug|x86.ActiveCfg = Debug|Win32
		{9F551FBF-CB30-458E-A4A5-7CAC357345B6}.Debug|x86.Build.0 = Debug|Win32
		{9F551FBF-CB30-458E-A4A5-7CAC357345B6}.Release|x64.ActiveCfg = Release|x64
		{9F551FBF-CB30-458E-A4A5-7CAC357345B6}.Release|x64.Build.0 = Release|x64
		{9F551FBF-CB30-458E-A4A5-7CAC357345B6}.Release|x86.ActiveCfg = Release|Win32
		{9F551FBF-CB30-458E-A4A5-7CAC357345B6}.Release|x86.Build.0 = Release|Win32
		{08BA6848-D191-474A-80C3-DB5B644C0100}.Debug|x64.ActiveCfg = Debug|x64
		{08BA6848-D191-474A-80C3-DB5B644C0100}.Debug|x64.Build.0 = Debug|x64
		{08BA6848-D191-474A-80C3-DB5B644C0100}.Debug|x86.ActiveCfg = Debug|Win32
		{08BA6848-D191-474A-80C3-DB5B644C0100}.Debug|x86.Build.0 = Debug|Win32
		{08BA6848-D191-474A-80C3-DB5B644C0100}.Release|x64.ActiveCfg = Release|x64
		{08BA6848-D191-474A-80C3-DB5B644C0100}.Release|x64.Build.0 = Release|x64
		{08BA6848-D191-474A-80C3-DB5B644C0100}.Release|x86.ActiveCfg = Release|Win32
		{08BA6848-D191-474A-80C3-DB5B644C0100}.Release|x86.Build.0 = Release|Win32
		{496E5D83-9FFA-498F-AE8C-E78143DE09FB}.Debug|x64.ActiveCfg = Debug|x64
		{496E5D83-9FFA-498F-AE8C-E78143DE09FB}.Debug|x64.Build.0 = Debug|x64
		{496E5D83-9FFA-498F-AE8C-E78143DE09FB}.Debug|x86.ActiveCfg = Debug|Win32
		{496E5D83-9FFA-498F-AE8C-E78143DE09FB}.Debug|x86.Build.0 = Debug|Win32
		{496E5D83-9FFA-498F-AE8C-E78143DE09FB}.Release|x64.ActiveCfg = Release|x64
		{496E5D83-9FFA-498F-AE8C-E78143DE09FB}.Release|x64.Build.0 = Release|x64
		{496E5D83-9FFA-498F-AE8C-E78143DE09FB}.Release|x86.ActiveCfg = Release|Win32
		{496E5D83-9FFA-498F-AE8C-E78143DE09FB}.Release|x86.Build.0 = Release|Win32
		{B47FB884-81D7-4E61-94A2-6E82B1805EB2}.Debug|x64.ActiveCfg = Debug|x64
		{B47FB884-81D7-4E61-94A2-6E82B1805EB2}.Debug|x64.Build.0 = Debug|x64
		{B47FB884-81D7-4E61-94A2-6E82B1805EB2}.Debug|x86.ActiveCfg = Debug|Win32
		{B47FB884-81D7-4E61-94A2-6E82B1805EB2}.Debug|x86.Build.0 = Debug|Win32
		{B47FB884-81D7-4E61-94A2-6E82B1805EB2}.Release|x64.ActiveCfg = Release|x64
		{B47FB884-81D7-4E61-94A2-6E82B1805EB2}.Release|x64.Build.0 = Release|x64
		{B47FB884-81D7-4E61-94A2-6E82B1805EB2}.Release|x86.ActiveCfg = Release|Win32
		{B47FB884-81D7-4E61-94A2-6E82B1805EB2}.Release|x86.Build.0 = Release|Win32
		{38F1877F-2D21-48E3-A681-500EA7BE8EA2}.Debug|x64.ActiveCfg = Debug|x64
		{38F1877F-2D21-48E3-A681-500EA7BE8EA2}.Debug|x64.Build.0 = Debug|x64
		{38F1877F-2D21-48E3-A681-500EA7BE8EA2}.Debug|x86.ActiveCfg = Debug|Win32
		{38F1877F-2D21-48E3-A681-500EA7BE8EA2}.Debug|x86.Build.0 = Debug|Win32
		{38F1877F-2D21-48E3-A681-500EA7BE8EA2}.Release|x64.ActiveCfg = Release|x64
		{38F1877F-2D21-48E3-A681-500EA7BE8EA2}.Release|x64.Build.0 = Release|x64
		{38F1877F-2D21-48E3-A681-500EA7BE8EA2}.Release|x86.ActiveCfg = Release|Win32
		{38F1877F-2D21-48E3-A681-500EA7BE8EA2}.Release|x86.Build.0 = Release|Win32
		{FDB0A7D7-83D8-4D0F-B9C7-35F89AB9B4CE}.Debug|x64.ActiveCfg = Debug|x64
		{FDB0A7D7-83D8-4D0F-B9C7-35F89AB9B4CE}.Debug|x64.Build.0 = Debug|x64
		{FDB0A7D7-83D8-4D0F-B9C7-35F89AB9B4CE}.Debug|x86.ActiveCfg = Debug|Win32
		{FDB0A7D7-83D8-4D0F-B9C7-35F89AB9B4CE}.Debug|x86.Build.0 = Debug|Win32
		{FDB0A7D7-83D8-4D0F-B9C7-35F89AB9B4CE}.Release|x64.ActiveCfg = Release|x64
		{FDB0A7D7-83D8-4D0F-B9C7-35F89AB9B4CE}.Release|x64.Build.0 = Release|x64
		{FDB0A7D7-83D8-4D0F-B9C7-35F89AB9B4CE}.Release|x86.ActiveCfg = Release|Win32
		{FDB0A7D7-83D8-4D0F-B9C7-35F89AB9B4CE}.Release|x86.Build.0 = Release|Win32
	EndGlobalSection
	GlobalSection(SolutionProperties) = preSolution
		HideSolutionNode = FALSE
	EndGlobalSection
	GlobalSection(NestedProjects) = preSolution
		{C38C59D5-0116-4247-BF27-D27F045A0976} = {63E6EB71-2483-4E35-8F7C-50F49B9E8CBA}
		{8DE8810A-25FB-466A-960C-FF95D06E83F2} = {63E6EB71-2483-4E35-8F7C-50F49B9E8CBA}
		{C395F140-8071-4457-BEF4-EFF80193A4B5} = {63E6EB71-2483-4E35-8F7C-50F49B9E8CBA}
		{53FE47A9-257B-444B-9FDB-7EA721E7257D} = {63E6EB71-2483-4E35-8F7C-50F49B9E8CBA}
		{D599BA26-FB57-4A8F-A5AD-A2B52C20C5F1} = {63E6EB71-2483-4E35-8F7C-50F49B9E8CBA}
		{C9F41574-8A68-447B-9AE8-90548B5FD0A9} = {63E6EB71-2483-4E35-8F7C-50F49B9E8CBA}
		{9F551FBF-CB30-458E-A4A5-7CAC357345B6} = {63E6EB71-2483-4E35-8F7C-50F49B9E8CBA}
		{08BA6848-D191-474A-80C3-DB5B644C0100} = {63E6EB71-2483-4E35-8F7C-50F49B9E8CBA}
		{496E5D83-9FFA-498F-AE8C-E78143DE09FB} = {71EC73FD-5641-41EE-9612-12A4A52F49F1}
		{B47FB884-81D7-4E61-94A2-6E82B1805EB2} = {71EC73FD-5641-41EE-9612-12A4A52F49F1}
		{38F1877F-2D21-48E3-A681-500EA7BE8EA2} = {71EC73FD-5641-41EE-9612-12A4A52F49F1}
		{FDB0A7D7-83D8-4D0F-B9C7-35F89AB9B4CE} = {D2007E03-CAD5-4FDA-BA61-6888FE60D435}
	EndGlobalSection
	GlobalSection(ExtensibilityGlobals) = postSolution
		SolutionGuid = {E56728EC-5485-4092-96DF-DCF9433DE60D}
	EndGlobalSection
EndGlobal
